{
  "version": 4,
  "terraform_version": "1.1.7",
  "serial": 7,
  "lineage": "0bbbb0cf-fe8a-fa0c-5279-3c3660d61031",
  "outputs": {},
  "resources": [
    {
      "mode": "managed",
      "type": "google_container_cluster",
      "name": "primary",
      "provider": "provider[\"registry.terraform.io/hashicorp/google\"]",
      "instances": [
        {
          "schema_version": 1,
          "attributes": {
            "addons_config": [
              {
                "cloudrun_config": [],
                "gcp_filestore_csi_driver_config": [],
                "horizontal_pod_autoscaling": [],
                "http_load_balancing": [],
                "network_policy_config": [
                  {
                    "disabled": true
                  }
                ]
              }
            ],
            "authenticator_groups_config": [],
            "cluster_autoscaling": [
              {
                "auto_provisioning_defaults": [],
                "enabled": false,
                "resource_limits": []
              }
            ],
            "cluster_ipv4_cidr": "10.0.0.0/14",
            "confidential_nodes": [],
            "database_encryption": [
              {
                "key_name": "",
                "state": "DECRYPTED"
              }
            ],
            "datapath_provider": "",
            "default_max_pods_per_node": null,
            "default_snat_status": [
              {
                "disabled": false
              }
            ],
            "description": "",
            "dns_config": [],
            "enable_autopilot": false,
            "enable_binary_authorization": false,
            "enable_intranode_visibility": false,
            "enable_kubernetes_alpha": false,
            "enable_legacy_abac": false,
            "enable_shielded_nodes": true,
            "enable_tpu": false,
            "endpoint": "34.134.179.0",
            "id": "projects/pivpn-342703/locations/us-central1/clusters/my-gke-cluster",
            "initial_node_count": 1,
            "ip_allocation_policy": [],
            "label_fingerprint": "a9dc16a7",
            "location": "us-central1",
            "logging_config": [
              {
                "enable_components": [
                  "SYSTEM_COMPONENTS",
                  "WORKLOADS"
                ]
              }
            ],
            "logging_service": "logging.googleapis.com/kubernetes",
            "maintenance_policy": [],
            "master_auth": [
              {
                "client_certificate": "",
                "client_certificate_config": [
                  {
                    "issue_client_certificate": false
                  }
                ],
                "client_key": "",
                "cluster_ca_certificate": "LS0tLS1CRUdJTiBDRVJUSUZJQ0FURS0tLS0tCk1JSUVMVENDQXBXZ0F3SUJBZ0lSQUswVjN4d0d4SGlhcWMydENJdGt1UGt3RFFZSktvWklodmNOQVFFTEJRQXcKTHpFdE1Dc0dBMVVFQXhNa09UazJOVEUxWlRndFkySm1OeTAwWlRBNExXRTNNVGt0WTJVNE5HVXpNbVV4T1RaagpNQ0FYRFRJeU1ETXlNVEF5TVRNeE9Gb1lEekl3TlRJd016RXpNRE14TXpFNFdqQXZNUzB3S3dZRFZRUURFeVE1Ck9UWTFNVFZsT0MxalltWTNMVFJsTURndFlUY3hPUzFqWlRnMFpUTXlaVEU1Tm1Nd2dnR2lNQTBHQ1NxR1NJYjMKRFFFQkFRVUFBNElCandBd2dnR0tBb0lCZ1FDdDdOU0dMQkJybEtRVWI4MnpDck11aC9OZlhhL3g5MHdPTzd3Ngp6aE9tSTMzbmZST1NONVA1WSt2TlRJTDV1ZE5BK0o5THRuT2MvS2ozSWNHVEFMbGhQYnZYT1BLWmN4OTQ4dDFxCkR5MjByMWFoY3NKeUxvQ055ckdsUEVndUJMQ0cybFB0NmluNjEvdWQzUEVaeE5pcm85NXFMa2VaNDAvKzhDUUIKUFJsaTFKTWJDQ3NGVW5GWTRQOUxScGR6QUZNbGZaZzlrWW1XeWdTRkcyTmh1WGlsL0dKSEthVlRtVnVrQy9LRApxVDFFR3B1VEJCdmdvUmR6cHN1RkFMVTBLYWZUT3BPc3QrcFFZSzd1RUx1cUM3Z2RyTG5xM0JWRkNxRFl6VzArCnY4RGR2ZnBYUkN6TWhOM2l6YWJoODlvdTBrVWUzMjBCbWNBb0c0NVhsVVoyMCtpelh2c29MaWpEQ3JhNmVCNDAKUWtFQkdiT09Cam9IUjRvK2Nxald5djh3aDQremJIYmN3aHpxNmUxRnpzbHphbHlpcXdQQzV4Y0ZTZjM0VmdGdQpLZFQwbllMWGZ4VWpqczE0SDdqaUF6NyszRi9WUWphTTNyU0xZZkJ5eVBMc3BTSkpFUGFZK2E0TzFmbTZIeG5RCjA0bStXREsvYVdZTTAxd25iakswby94VjZyMENBd0VBQWFOQ01FQXdEZ1lEVlIwUEFRSC9CQVFEQWdJRU1BOEcKQTFVZEV3RUIvd1FGTUFNQkFmOHdIUVlEVlIwT0JCWUVGQ3ZCUjBQcHJVbWswVURSZVpvMEVFNWZXb2FRTUEwRwpDU3FHU0liM0RRRUJDd1VBQTRJQmdRQ01SbDdVVStVaUNZUkNndzlDK2VPaTFkbndxWlFRblJpM0xNQUFrdXQrCmFWdjBZcDl1aVJ3U1ZmRkVjeTNSNklUZHlZU0JXUFhzQVI3OTdqL2V5S1FVZUp2SVJNRkZLdWdOeXlJclRQSSsKYnlxYU4yUFVWeVg1cnBsWnhsZE5VOGZlSExKbzhHaVh4ajBmd1JtS2o0a3NndUttc3dFdi9sbDlxWkVScm9vSAp0aDdIOUhQZGNDSURyWGdEUDFwVXhqeHEyS291NGlua0pFbEt1ZURIa3VRbDJhWldRSS9tak1lZ2kwVms4dWIxCndzZ09VR0pxdjBNNFpKSTJsbWNHaHdkTThxNTJ5WUduOHpaUjJSaGhoNEJta0FnME83SThncjVQNUhZZ1RDUDQKVXhYaGpMM25qNHNOREVrQjIxUHYxa3g1SUdxSGJDaDlSYVJHZTZ0RmNKQlVuQk9wVlFxV3dIMGFlSkloZUc0RgpPSWpjeGpiOXVGdWZSL1lFdW41eFRIZnI2WFY5b0ZXaVFBdFBxblhRd2kxRFUyU0Q4ekNFVUFHMUdaMmtrK1lCCk9VQktud1A3ai9qT3BzSTlpMWlFYlFrVFg5dUIyK09BSzhYZkFjbVlpK0g0c3lQYnhjalhjZGgzUzF5TWMwaUIKaG9RWHBPemVLanI0ZjVxQmpnTVlLZW89Ci0tLS0tRU5EIENFUlRJRklDQVRFLS0tLS0K"
              }
            ],
            "master_authorized_networks_config": [],
            "master_version": "1.21.9-gke.1002",
            "min_master_version": null,
            "monitoring_config": [
              {
                "enable_components": [
                  "SYSTEM_COMPONENTS"
                ]
              }
            ],
            "monitoring_service": "monitoring.googleapis.com/kubernetes",
            "name": "my-gke-cluster",
            "network": "projects/pivpn-342703/global/networks/default",
            "network_policy": [
              {
                "enabled": false,
                "provider": "PROVIDER_UNSPECIFIED"
              }
            ],
            "networking_mode": "ROUTES",
            "node_config": [],
            "node_locations": [
              "us-central1-a",
              "us-central1-b",
              "us-central1-c"
            ],
            "node_pool": [],
            "node_version": "1.21.9-gke.1002",
            "operation": null,
            "private_cluster_config": [],
            "private_ipv6_google_access": "",
            "project": "pivpn-342703",
            "release_channel": [
              {
                "channel": "REGULAR"
              }
            ],
            "remove_default_node_pool": true,
            "resource_labels": null,
            "resource_usage_export_config": [],
            "self_link": "https://container.googleapis.com/v1/projects/pivpn-342703/locations/us-central1/clusters/my-gke-cluster",
            "services_ipv4_cidr": "10.3.240.0/20",
            "subnetwork": "projects/pivpn-342703/regions/us-central1/subnetworks/default",
            "timeouts": null,
            "tpu_ipv4_cidr_block": "",
            "vertical_pod_autoscaling": [],
            "workload_identity_config": []
          },
          "sensitive_attributes": [],
          "private": "eyJlMmJmYjczMC1lY2FhLTExZTYtOGY4OC0zNDM2M2JjN2M0YzAiOnsiY3JlYXRlIjoyNDAwMDAwMDAwMDAwLCJkZWxldGUiOjI0MDAwMDAwMDAwMDAsInJlYWQiOjI0MDAwMDAwMDAwMDAsInVwZGF0ZSI6MzYwMDAwMDAwMDAwMH0sInNjaGVtYV92ZXJzaW9uIjoiMSJ9"
        }
      ]
    },
    {
      "mode": "managed",
      "type": "google_container_node_pool",
      "name": "primary_preemptible_nodes",
      "provider": "provider[\"registry.terraform.io/hashicorp/google\"]",
      "instances": [
        {
          "schema_version": 1,
          "attributes": {
            "autoscaling": [],
            "cluster": "my-gke-cluster",
            "id": "projects/pivpn-342703/locations/us-central1/clusters/my-gke-cluster/nodePools/my-node-pool",
            "initial_node_count": 1,
            "instance_group_urls": [
              "https://www.googleapis.com/compute/v1/projects/pivpn-342703/zones/us-central1-c/instanceGroupManagers/gke-my-gke-cluster-my-node-pool-94edd813-grp",
              "https://www.googleapis.com/compute/v1/projects/pivpn-342703/zones/us-central1-a/instanceGroupManagers/gke-my-gke-cluster-my-node-pool-9af5c466-grp",
              "https://www.googleapis.com/compute/v1/projects/pivpn-342703/zones/us-central1-b/instanceGroupManagers/gke-my-gke-cluster-my-node-pool-4b163db2-grp"
            ],
            "location": "us-central1",
            "managed_instance_group_urls": [
              "https://www.googleapis.com/compute/v1/projects/pivpn-342703/zones/us-central1-c/instanceGroups/gke-my-gke-cluster-my-node-pool-94edd813-grp",
              "https://www.googleapis.com/compute/v1/projects/pivpn-342703/zones/us-central1-a/instanceGroups/gke-my-gke-cluster-my-node-pool-9af5c466-grp",
              "https://www.googleapis.com/compute/v1/projects/pivpn-342703/zones/us-central1-b/instanceGroups/gke-my-gke-cluster-my-node-pool-4b163db2-grp"
            ],
            "management": [
              {
                "auto_repair": true,
                "auto_upgrade": true
              }
            ],
            "max_pods_per_node": null,
            "name": "my-node-pool",
            "name_prefix": "",
            "node_config": [
              {
                "boot_disk_kms_key": "",
                "disk_size_gb": 100,
                "disk_type": "pd-standard",
                "gcfs_config": [],
                "guest_accelerator": [],
                "gvnic": [],
                "image_type": "COS_CONTAINERD",
                "labels": {},
                "local_ssd_count": 0,
                "machine_type": "e2-medium",
                "metadata": {
                  "disable-legacy-endpoints": "true"
                },
                "min_cpu_platform": "",
                "node_group": "",
                "oauth_scopes": [
                  "https://www.googleapis.com/auth/cloud-platform"
                ],
                "preemptible": true,
                "service_account": "service-account-id@pivpn-342703.iam.gserviceaccount.com",
                "shielded_instance_config": [
                  {
                    "enable_integrity_monitoring": true,
                    "enable_secure_boot": false
                  }
                ],
                "tags": null,
                "taint": [],
                "workload_metadata_config": []
              }
            ],
            "node_count": 1,
            "node_locations": [
              "us-central1-a",
              "us-central1-b",
              "us-central1-c"
            ],
            "operation": null,
            "project": "pivpn-342703",
            "timeouts": null,
            "upgrade_settings": [
              {
                "max_surge": 1,
                "max_unavailable": 0
              }
            ],
            "version": "1.21.9-gke.1002"
          },
          "sensitive_attributes": [],
          "private": "eyJlMmJmYjczMC1lY2FhLTExZTYtOGY4OC0zNDM2M2JjN2M0YzAiOnsiY3JlYXRlIjoxODAwMDAwMDAwMDAwLCJkZWxldGUiOjE4MDAwMDAwMDAwMDAsInVwZGF0ZSI6MTgwMDAwMDAwMDAwMH0sInNjaGVtYV92ZXJzaW9uIjoiMSJ9",
          "dependencies": [
            "google_container_cluster.primary",
            "google_service_account.default"
          ]
        }
      ]
    },
    {
      "mode": "managed",
      "type": "google_service_account",
      "name": "default",
      "provider": "provider[\"registry.terraform.io/hashicorp/google\"]",
      "instances": [
        {
          "schema_version": 0,
          "attributes": {
            "account_id": "service-account-id",
            "description": "",
            "disabled": false,
            "display_name": "Service Account",
            "email": "service-account-id@pivpn-342703.iam.gserviceaccount.com",
            "id": "projects/pivpn-342703/serviceAccounts/service-account-id@pivpn-342703.iam.gserviceaccount.com",
            "name": "projects/pivpn-342703/serviceAccounts/service-account-id@pivpn-342703.iam.gserviceaccount.com",
            "project": "pivpn-342703",
            "timeouts": null,
            "unique_id": "105688363414833921337"
          },
          "sensitive_attributes": [],
          "private": "eyJlMmJmYjczMC1lY2FhLTExZTYtOGY4OC0zNDM2M2JjN2M0YzAiOnsiY3JlYXRlIjozMDAwMDAwMDAwMDB9fQ=="
        }
      ]
    }
  ]
}
